
Microsoft Visual Studio Solution File, Format Version 12.00
# Visual Studio Version 17
VisualStudioVersion = 17.5.002.0
MinimumVisualStudioVersion = 10.0.40219.1
Project("{9A19103F-16F7-4668-BE54-9A1E7A4F7556}") = "Ex5", "Ex5.csproj", "{4B2E7ECB-06FC-4766-9433-4BBEFA6CA007}"
EndProject
Global
	GlobalSection(SolutionConfigurationPlatforms) = preSolution
		Debug|Any CPU = Debug|Any CPU
		Release|Any CPU = Release|Any CPU
	EndGlobalSection
	GlobalSection(ProjectConfigurationPlatforms) = postSolution
		{4B2E7ECB-06FC-4766-9433-4BBEFA6CA007}.Debug|Any CPU.ActiveCfg = Debug|Any CPU
		{4B2E7ECB-06FC-4766-9433-4BBEFA6CA007}.Debug|Any CPU.Build.0 = Debug|Any CPU
		{4B2E7ECB-06FC-4766-9433-4BBEFA6CA007}.Release|Any CPU.ActiveCfg = Release|Any CPU
		{4B2E7ECB-06FC-4766-9433-4BBEFA6CA007}.Release|Any CPU.Build.0 = Release|Any CPU
	EndGlobalSection
	GlobalSection(SolutionProperties) = preSolution
		HideSolutionNode = FALSE
	EndGlobalSection
	GlobalSection(ExtensibilityGlobals) = postSolution
		SolutionGuid = {EBFF9832-240A-4D3B-BE63-B7786142041D}
	EndGlobalSection
EndGlobal
